
Microsoft Visual Studio Solution File, Format Version 12.00
# Visual Studio 14
VisualStudioVersion = 14.0.25420.1
MinimumVisualStudioVersion = 10.0.40219.1
Project("{FAE04EC0-301F-11D3-BF4B-00C04F79EFBC}") = "Personal Titles", "Personal Titles\Personal Titles.csproj", "{1A975D3A-C193-4EE6-8F2F-E93653BBE5F2}"
EndProject
Project("{FAE04EC0-301F-11D3-BF4B-00C04F79EFBC}") = "SmallShop", "SmallShop\SmallShop.csproj", "{6BF757B1-D421-406C-97D2-7A8E4764855E}"
EndProject
Project("{FAE04EC0-301F-11D3-BF4B-00C04F79EFBC}") = "Point in Rectangle", "Point in Rectangle\Point in Rectangle.csproj", "{D76E60B5-8859-4D78-AC46-B3B791AC9C92}"
EndProject
Project("{FAE04EC0-301F-11D3-BF4B-00C04F79EFBC}") = "Fruit or Vegetable", "Fruit or Vegetable\Fruit or Vegetable.csproj", "{6D9FF5CE-C1E9-4CD1-BB88-D17A1E1F790A}"
EndProject
Project("{FAE04EC0-301F-11D3-BF4B-00C04F79EFBC}") = "Invalid Number", "Invalid Number\Invalid Number.csproj", "{DCA37EDB-9CAD-4F0F-BABF-A20EECEEC9CD}"
EndProject
Project("{FAE04EC0-301F-11D3-BF4B-00C04F79EFBC}") = "Point on Rectangle Border", "Point on Rectangle Border\Point on Rectangle Border.csproj", "{2F2483B8-FE4D-4A46-8006-644B8C369790}"
EndProject
Project("{FAE04EC0-301F-11D3-BF4B-00C04F79EFBC}") = "Fruit Shop", "Fruit Shop\Fruit Shop.csproj", "{5674E403-7105-46ED-B7ED-3065B30EEBF3}"
EndProject
Project("{FAE04EC0-301F-11D3-BF4B-00C04F79EFBC}") = "TradeComissions", "TradeComissions\TradeComissions.csproj", "{63A58AC4-605E-49FD-A304-E91CE8EFC2EA}"
EndProject
Project("{FAE04EC0-301F-11D3-BF4B-00C04F79EFBC}") = "Day of Week", "Day of Week\Day of Week.csproj", "{D0DE9163-B7F9-4685-B366-DFD029EE2F65}"
EndProject
Project("{FAE04EC0-301F-11D3-BF4B-00C04F79EFBC}") = "Animal Type", "Animal Type\Animal Type.csproj", "{F5A051D3-6AD1-495A-9C7F-F9CDFB9DB71F}"
EndProject
Project("{FAE04EC0-301F-11D3-BF4B-00C04F79EFBC}") = "Cinema", "Cinema\Cinema.csproj", "{7DD15AE8-106D-4864-ADBE-901D662CA65F}"
EndProject
Project("{FAE04EC0-301F-11D3-BF4B-00C04F79EFBC}") = "Volleyball", "Volleyball\Volleyball.csproj", "{A0923464-3E70-4631-9001-BCD2F95ECEF4}"
EndProject
Project("{FAE04EC0-301F-11D3-BF4B-00C04F79EFBC}") = "Point in the Figure", "Point in the Figure\Point in the Figure.csproj", "{D2352D1A-EEE6-418E-BC60-A106A9CD9EDD}"
EndProject
Global
	GlobalSection(SolutionConfigurationPlatforms) = preSolution
		Debug|Any CPU = Debug|Any CPU
		Release|Any CPU = Release|Any CPU
	EndGlobalSection
	GlobalSection(ProjectConfigurationPlatforms) = postSolution
		{1A975D3A-C193-4EE6-8F2F-E93653BBE5F2}.Debug|Any CPU.ActiveCfg = Debug|Any CPU
		{1A975D3A-C193-4EE6-8F2F-E93653BBE5F2}.Debug|Any CPU.Build.0 = Debug|Any CPU
		{1A975D3A-C193-4EE6-8F2F-E93653BBE5F2}.Release|Any CPU.ActiveCfg = Release|Any CPU
		{1A975D3A-C193-4EE6-8F2F-E93653BBE5F2}.Release|Any CPU.Build.0 = Release|Any CPU
		{6BF757B1-D421-406C-97D2-7A8E4764855E}.Debug|Any CPU.ActiveCfg = Debug|Any CPU
		{6BF757B1-D421-406C-97D2-7A8E4764855E}.Debug|Any CPU.Build.0 = Debug|Any CPU
		{6BF757B1-D421-406C-97D2-7A8E4764855E}.Release|Any CPU.ActiveCfg = Release|Any CPU
		{6BF757B1-D421-406C-97D2-7A8E4764855E}.Release|Any CPU.Build.0 = Release|Any CPU
		{D76E60B5-8859-4D78-AC46-B3B791AC9C92}.Debug|Any CPU.ActiveCfg = Debug|Any CPU
		{D76E60B5-8859-4D78-AC46-B3B791AC9C92}.Debug|Any CPU.Build.0 = Debug|Any CPU
		{D76E60B5-8859-4D78-AC46-B3B791AC9C92}.Release|Any CPU.ActiveCfg = Release|Any CPU
		{D76E60B5-8859-4D78-AC46-B3B791AC9C92}.Release|Any CPU.Build.0 = Release|Any CPU
		{6D9FF5CE-C1E9-4CD1-BB88-D17A1E1F790A}.Debug|Any CPU.ActiveCfg = Debug|Any CPU
		{6D9FF5CE-C1E9-4CD1-BB88-D17A1E1F790A}.Debug|Any CPU.Build.0 = Debug|Any CPU
		{6D9FF5CE-C1E9-4CD1-BB88-D17A1E1F790A}.Release|Any CPU.ActiveCfg = Release|Any CPU
		{6D9FF5CE-C1E9-4CD1-BB88-D17A1E1F790A}.Release|Any CPU.Build.0 = Release|Any CPU
		{DCA37EDB-9CAD-4F0F-BABF-A20EECEEC9CD}.Debug|Any CPU.ActiveCfg = Debug|Any CPU
		{DCA37EDB-9CAD-4F0F-BABF-A20EECEEC9CD}.Debug|Any CPU.Build.0 = Debug|Any CPU
		{DCA37EDB-9CAD-4F0F-BABF-A20EECEEC9CD}.Release|Any CPU.ActiveCfg = Release|Any CPU
		{DCA37EDB-9CAD-4F0F-BABF-A20EECEEC9CD}.Release|Any CPU.Build.0 = Release|Any CPU
		{2F2483B8-FE4D-4A46-8006-644B8C369790}.Debug|Any CPU.ActiveCfg = Debug|Any CPU
		{2F2483B8-FE4D-4A46-8006-644B8C369790}.Debug|Any CPU.Build.0 = Debug|Any CPU
		{2F2483B8-FE4D-4A46-8006-644B8C369790}.Release|Any CPU.ActiveCfg = Release|Any CPU
		{2F2483B8-FE4D-4A46-8006-644B8C369790}.Release|Any CPU.Build.0 = Release|Any CPU
		{5674E403-7105-46ED-B7ED-3065B30EEBF3}.Debug|Any CPU.ActiveCfg = Debug|Any CPU
		{5674E403-7105-46ED-B7ED-3065B30EEBF3}.Debug|Any CPU.Build.0 = Debug|Any CPU
		{5674E403-7105-46ED-B7ED-3065B30EEBF3}.Release|Any CPU.ActiveCfg = Release|Any CPU
		{5674E403-7105-46ED-B7ED-3065B30EEBF3}.Release|Any CPU.Build.0 = Release|Any CPU
		{63A58AC4-605E-49FD-A304-E91CE8EFC2EA}.Debug|Any CPU.ActiveCfg = Debug|Any CPU
		{63A58AC4-605E-49FD-A304-E91CE8EFC2EA}.Debug|Any CPU.Build.0 = Debug|Any CPU
		{63A58AC4-605E-49FD-A304-E91CE8EFC2EA}.Release|Any CPU.ActiveCfg = Release|Any CPU
		{63A58AC4-605E-49FD-A304-E91CE8EFC2EA}.Release|Any CPU.Build.0 = Release|Any CPU
		{D0DE9163-B7F9-4685-B366-DFD029EE2F65}.Debug|Any CPU.ActiveCfg = Debug|Any CPU
		{D0DE9163-B7F9-4685-B366-DFD029EE2F65}.Debug|Any CPU.Build.0 = Debug|Any CPU
		{D0DE9163-B7F9-4685-B366-DFD029EE2F65}.Release|Any CPU.ActiveCfg = Release|Any CPU
		{D0DE9163-B7F9-4685-B366-DFD029EE2F65}.Release|Any CPU.Build.0 = Release|Any CPU
		{F5A051D3-6AD1-495A-9C7F-F9CDFB9DB71F}.Debug|Any CPU.ActiveCfg = Debug|Any CPU
		{F5A051D3-6AD1-495A-9C7F-F9CDFB9DB71F}.Debug|Any CPU.Build.0 = Debug|Any CPU
		{F5A051D3-6AD1-495A-9C7F-F9CDFB9DB71F}.Release|Any CPU.ActiveCfg = Release|Any CPU
		{F5A051D3-6AD1-495A-9C7F-F9CDFB9DB71F}.Release|Any CPU.Build.0 = Release|Any CPU
		{7DD15AE8-106D-4864-ADBE-901D662CA65F}.Debug|Any CPU.ActiveCfg = Debug|Any CPU
		{7DD15AE8-106D-4864-ADBE-901D662CA65F}.Debug|Any CPU.Build.0 = Debug|Any CPU
		{7DD15AE8-106D-4864-ADBE-901D662CA65F}.Release|Any CPU.ActiveCfg = Release|Any CPU
		{7DD15AE8-106D-4864-ADBE-901D662CA65F}.Release|Any CPU.Build.0 = Release|Any CPU
		{A0923464-3E70-4631-9001-BCD2F95ECEF4}.Debug|Any CPU.ActiveCfg = Debug|Any CPU
		{A0923464-3E70-4631-9001-BCD2F95ECEF4}.Debug|Any CPU.Build.0 = Debug|Any CPU
		{A0923464-3E70-4631-9001-BCD2F95ECEF4}.Release|Any CPU.ActiveCfg = Release|Any CPU
		{A0923464-3E70-4631-9001-BCD2F95ECEF4}.Release|Any CPU.Build.0 = Release|Any CPU
		{D2352D1A-EEE6-418E-BC60-A106A9CD9EDD}.Debug|Any CPU.ActiveCfg = Debug|Any CPU
		{D2352D1A-EEE6-418E-BC60-A106A9CD9EDD}.Debug|Any CPU.Build.0 = Debug|Any CPU
		{D2352D1A-EEE6-418E-BC60-A106A9CD9EDD}.Release|Any CPU.ActiveCfg = Release|Any CPU
		{D2352D1A-EEE6-418E-BC60-A106A9CD9EDD}.Release|Any CPU.Build.0 = Release|Any CPU
	EndGlobalSection
	GlobalSection(SolutionProperties) = preSolution
		HideSolutionNode = FALSE
	EndGlobalSection
EndGlobal
